// !$*UTF8*$!
{
	archiveVersion = 1;
	classes = {
	};
	objectVersion = 50;
	objects = {

/* Begin PBXBuildFile section */
		56DD2EA6261502730051B5AB /* AppDelegate.swift in Sources */ = {isa = PBXBuildFile; fileRef = 56DD2EA5261502730051B5AB /* AppDelegate.swift */; };
		56DD2EA8261502730051B5AB /* SceneDelegate.swift in Sources */ = {isa = PBXBuildFile; fileRef = 56DD2EA7261502730051B5AB /* SceneDelegate.swift */; };
		56DD2EAA261502730051B5AB /* ViewController.swift in Sources */ = {isa = PBXBuildFile; fileRef = 56DD2EA9261502730051B5AB /* ViewController.swift */; };
		56DD2EAD261502730051B5AB /* Main.storyboard in Resources */ = {isa = PBXBuildFile; fileRef = 56DD2EAB261502730051B5AB /* Main.storyboard */; };
		56DD2EB0261502730051B5AB /* Foreign_languages_Heads_Up_V2.xcdatamodeld in Sources */ = {isa = PBXBuildFile; fileRef = 56DD2EAE261502730051B5AB /* Foreign_languages_Heads_Up_V2.xcdatamodeld */; };
		56DD2EB2261502750051B5AB /* Assets.xcassets in Resources */ = {isa = PBXBuildFile; fileRef = 56DD2EB1261502750051B5AB /* Assets.xcassets */; };
		56DD2EB5261502750051B5AB /* LaunchScreen.storyboard in Resources */ = {isa = PBXBuildFile; fileRef = 56DD2EB3261502750051B5AB /* LaunchScreen.storyboard */; };
		56DD2EC326150F240051B5AB /* ViewController2.swift in Sources */ = {isa = PBXBuildFile; fileRef = 56DD2EC226150F240051B5AB /* ViewController2.swift */; };
		56DD2EC526150F310051B5AB /* ViewController3.swift in Sources */ = {isa = PBXBuildFile; fileRef = 56DD2EC426150F310051B5AB /* ViewController3.swift */; };
		56DD2EC726150F3F0051B5AB /* ViewController4.swift in Sources */ = {isa = PBXBuildFile; fileRef = 56DD2EC626150F3F0051B5AB /* ViewController4.swift */; };
		56DD2EC926150F4D0051B5AB /* ViewController5.swift in Sources */ = {isa = PBXBuildFile; fileRef = 56DD2EC826150F4D0051B5AB /* ViewController5.swift */; };
		56DD2ECB26150F610051B5AB /* ViewController6.swift in Sources */ = {isa = PBXBuildFile; fileRef = 56DD2ECA26150F610051B5AB /* ViewController6.swift */; };
/* End PBXBuildFile section */

/* Begin PBXFileReference section */
		56DD2EA2261502730051B5AB /* Foreign-languages-Heads-Up-V2.app */ = {isa = PBXFileReference; explicitFileType = wrapper.application; includeInIndex = 0; path = "Foreign-languages-Heads-Up-V2.app"; sourceTree = BUILT_PRODUCTS_DIR; };
		56DD2EA5261502730051B5AB /* AppDelegate.swift */ = {isa = PBXFileReference; lastKnownFileType = sourcecode.swift; path = AppDelegate.swift; sourceTree = "<group>"; };
		56DD2EA7261502730051B5AB /* SceneDelegate.swift */ = {isa = PBXFileReference; lastKnownFileType = sourcecode.swift; path = SceneDelegate.swift; sourceTree = "<group>"; };
		56DD2EA9261502730051B5AB /* ViewController.swift */ = {isa = PBXFileReference; lastKnownFileType = sourcecode.swift; path = ViewController.swift; sourceTree = "<group>"; };
		56DD2EAC261502730051B5AB /* Base */ = {isa = PBXFileReference; lastKnownFileType = file.storyboard; name = Base; path = Base.lproj/Main.storyboard; sourceTree = "<group>"; };
		56DD2EAF261502730051B5AB /* Foreign_languages_Heads_Up_V2.xcdatamodel */ = {isa = PBXFileReference; lastKnownFileType = wrapper.xcdatamodel; path = Foreign_languages_Heads_Up_V2.xcdatamodel; sourceTree = "<group>"; };
		56DD2EB1261502750051B5AB /* Assets.xcassets */ = {isa = PBXFileReference; lastKnownFileType = folder.assetcatalog; path = Assets.xcassets; sourceTree = "<group>"; };
		56DD2EB4261502750051B5AB /* Base */ = {isa = PBXFileReference; lastKnownFileType = file.storyboard; name = Base; path = Base.lproj/LaunchScreen.storyboard; sourceTree = "<group>"; };
		56DD2EB6261502750051B5AB /* Info.plist */ = {isa = PBXFileReference; lastKnownFileType = text.plist.xml; path = Info.plist; sourceTree = "<group>"; };
		56DD2EC226150F240051B5AB /* ViewController2.swift */ = {isa = PBXFileReference; lastKnownFileType = sourcecode.swift; path = ViewController2.swift; sourceTree = "<group>"; };
		56DD2EC426150F310051B5AB /* ViewController3.swift */ = {isa = PBXFileReference; lastKnownFileType = sourcecode.swift; path = ViewController3.swift; sourceTree = "<group>"; };
		56DD2EC626150F3F0051B5AB /* ViewController4.swift */ = {isa = PBXFileReference; lastKnownFileType = sourcecode.swift; path = ViewController4.swift; sourceTree = "<group>"; };
		56DD2EC826150F4D0051B5AB /* ViewController5.swift */ = {isa = PBXFileReference; lastKnownFileType = sourcecode.swift; path = ViewController5.swift; sourceTree = "<group>"; };
		56DD2ECA26150F610051B5AB /* ViewController6.swift */ = {isa = PBXFileReference; lastKnownFileType = sourcecode.swift; path = ViewController6.swift; sourceTree = "<group>"; };
/* End PBXFileReference section */

/* Begin PBXFrameworksBuildPhase section */
		56DD2E9F261502730051B5AB /* Frameworks */ = {
			isa = PBXFrameworksBuildPhase;
			buildActionMask = 2147483647;
			files = (
			);
			runOnlyForDeploymentPostprocessing = 0;
		};
/* End PBXFrameworksBuildPhase section */

/* Begin PBXGroup section */
		56DD2E99261502730051B5AB = {
			isa = PBXGroup;
			children = (
				56DD2EA4261502730051B5AB /* Foreign-languages-Heads-Up-V2 */,
				56DD2EA3261502730051B5AB /* Products */,
			);
			sourceTree = "<group>";
		};
		56DD2EA3261502730051B5AB /* Products */ = {
			isa = PBXGroup;
			children = (
				56DD2EA2261502730051B5AB /* Foreign-languages-Heads-Up-V2.app */,
			);
			name = Products;
			sourceTree = "<group>";
		};
		56DD2EA4261502730051B5AB /* Foreign-languages-Heads-Up-V2 */ = {
			isa = PBXGroup;
			children = (
				56DD2EA5261502730051B5AB /* AppDelegate.swift */,
				56DD2EA7261502730051B5AB /* SceneDelegate.swift */,
				56DD2EA9261502730051B5AB /* ViewController.swift */,
				56DD2EC226150F240051B5AB /* ViewController2.swift */,
				56DD2EC426150F310051B5AB /* ViewController3.swift */,
				56DD2EC626150F3F0051B5AB /* ViewController4.swift */,
				56DD2EC826150F4D0051B5AB /* ViewController5.swift */,
				56DD2ECA26150F610051B5AB /* ViewController6.swift */,
				56DD2EAB261502730051B5AB /* Main.storyboard */,
				56DD2EB1261502750051B5AB /* Assets.xcassets */,
				56DD2EB3261502750051B5AB /* LaunchScreen.storyboard */,
				56DD2EB6261502750051B5AB /* Info.plist */,
				56DD2EAE261502730051B5AB /* Foreign_languages_Heads_Up_V2.xcdatamodeld */,
			);
			path = "Foreign-languages-Heads-Up-V2";
			sourceTree = "<group>";
		};
/* End PBXGroup section */

/* Begin PBXNativeTarget section */
		56DD2EA1261502730051B5AB /* Foreign-languages-Heads-Up-V2 */ = {
			isa = PBXNativeTarget;
			buildConfigurationList = 56DD2EB9261502750051B5AB /* Build configuration list for PBXNativeTarget "Foreign-languages-Heads-Up-V2" */;
			buildPhases = (
				56DD2E9E261502730051B5AB /* Sources */,
				56DD2E9F261502730051B5AB /* Frameworks */,
				56DD2EA0261502730051B5AB /* Resources */,
			);
			buildRules = (
			);
			dependencies = (
			);
			name = "Foreign-languages-Heads-Up-V2";
			productName = "Foreign-languages-Heads-Up-V2";
			productReference = 56DD2EA2261502730051B5AB /* Foreign-languages-Heads-Up-V2.app */;
			productType = "com.apple.product-type.application";
		};
/* End PBXNativeTarget section */

/* Begin PBXProject section */
		56DD2E9A261502730051B5AB /* Project object */ = {
			isa = PBXProject;
			attributes = {
				LastSwiftUpdateCheck = 1130;
				LastUpgradeCheck = 1130;
				ORGANIZATIONNAME = user180891;
				TargetAttributes = {
					56DD2EA1261502730051B5AB = {
						CreatedOnToolsVersion = 11.3.1;
					};
				};
			};
			buildConfigurationList = 56DD2E9D261502730051B5AB /* Build configuration list for PBXProject "Foreign-languages-Heads-Up-V2" */;
			compatibilityVersion = "Xcode 9.3";
			developmentRegion = en;
			hasScannedForEncodings = 0;
			knownRegions = (
				en,
				Base,
			);
			mainGroup = 56DD2E99261502730051B5AB;
			productRefGroup = 56DD2EA3261502730051B5AB /* Products */;
			projectDirPath = "";
			projectRoot = "";
			targets = (
				56DD2EA1261502730051B5AB /* Foreign-languages-Heads-Up-V2 */,
			);
		};
/* End PBXProject section */

/* Begin PBXResourcesBuildPhase section */
		56DD2EA0261502730051B5AB /* Resources */ = {
			isa = PBXResourcesBuildPhase;
			buildActionMask = 2147483647;
			files = (
				56DD2EB5261502750051B5AB /* LaunchScreen.storyboard in Resources */,
				56DD2EB2261502750051B5AB /* Assets.xcassets in Resources */,
				56DD2EAD261502730051B5AB /* Main.storyboard in Resources */,
			);
			runOnlyForDeploymentPostprocessing = 0;
		};
/* End PBXResourcesBuildPhase section */

/* Begin PBXSourcesBuildPhase section */
		56DD2E9E261502730051B5AB /* Sources */ = {
			isa = PBXSourcesBuildPhase;
			buildActionMask = 2147483647;
			files = (
				56DD2EC326150F240051B5AB /* ViewController2.swift in Sources */,
				56DD2EC726150F3F0051B5AB /* ViewController4.swift in Sources */,
				56DD2EAA261502730051B5AB /* ViewController.swift in Sources */,
				56DD2EC526150F310051B5AB /* ViewController3.swift in Sources */,
				56DD2EC926150F4D0051B5AB /* ViewController5.swift in Sources */,
				56DD2EB0261502730051B5AB /* Foreign_languages_Heads_Up_V2.xcdatamodeld in Sources */,
				56DD2ECB26150F610051B5AB /* ViewController6.swift in Sources */,
				56DD2EA6261502730051B5AB /* AppDelegate.swift in Sources */,
				56DD2EA8261502730051B5AB /* SceneDelegate.swift in Sources */,
			);
			runOnlyForDeploymentPostprocessing = 0;
		};
/* End PBXSourcesBuildPhase section */

/* Begin PBXVariantGroup section */
		56DD2EAB261502730051B5AB /* Main.storyboard */ = {
			isa = PBXVariantGroup;
			children = (
				56DD2EAC261502730051B5AB /* Base */,
			);
			name = Main.storyboard;
			sourceTree = "<group>";
		};
		56DD2EB3261502750051B5AB /* LaunchScreen.storyboard */ = {
			isa = PBXVariantGroup;
			children = (
				56DD2EB4261502750051B5AB /* Base */,
			);
			name = LaunchScreen.storyboard;
			sourceTree = "<group>";
		};
/* End PBXVariantGroup section */

/* Begin XCBuildConfiguration section */
		56DD2EB7261502750051B5AB /* Debug */ = {
			isa = XCBuildConfiguration;
			buildSettings = {
				ALWAYS_SEARCH_USER_PATHS = NO;
				CLANG_ANALYZER_NONNULL = YES;
				CLANG_ANALYZER_NUMBER_OBJECT_CONVERSION = YES_AGGRESSIVE;
				CLANG_CXX_LANGUAGE_STANDARD = "gnu++14";
				CLANG_CXX_LIBRARY = "libc++";
				CLANG_ENABLE_MODULES = YES;
				CLANG_ENABLE_OBJC_ARC = YES;
				CLANG_ENABLE_OBJC_WEAK = YES;
				CLANG_WARN_BLOCK_CAPTURE_AUTORELEASING = YES;
				CLANG_WARN_BOOL_CONVERSION = YES;
				CLANG_WARN_COMMA = YES;
				CLANG_WARN_CONSTANT_CONVERSION = YES;
				CLANG_WARN_DEPRECATED_OBJC_IMPLEMENTATIONS = YES;
				CLANG_WARN_DIRECT_OBJC_ISA_USAGE = YES_ERROR;
				CLANG_WARN_DOCUMENTATION_COMMENTS = YES;
				CLANG_WARN_EMPTY_BODY = YES;
				CLANG_WARN_ENUM_CONVERSION = YES;
				CLANG_WARN_INFINITE_RECURSION = YES;
				CLANG_WARN_INT_CONVERSION = YES;
				CLANG_WARN_NON_LITERAL_NULL_CONVERSION = YES;
				CLANG_WARN_OBJC_IMPLICIT_RETAIN_SELF = YES;
				CLANG_WARN_OBJC_LITERAL_CONVERSION = YES;
				CLANG_WARN_OBJC_ROOT_CLASS = YES_ERROR;
				CLANG_WARN_RANGE_LOOP_ANALYSIS = YES;
				CLANG_WARN_STRICT_PROTOTYPES = YES;
				CLANG_WARN_SUSPICIOUS_MOVE = YES;
				CLANG_WARN_UNGUARDED_AVAILABILITY = YES_AGGRESSIVE;
				CLANG_WARN_UNREACHABLE_CODE = YES;
				CLANG_WARN__DUPLICATE_METHOD_MATCH = YES;
				COPY_PHASE_STRIP = NO;
				DEBUG_INFORMATION_FORMAT = dwarf;
				ENABLE_STRICT_OBJC_MSGSEND = YES;
				ENABLE_TESTABILITY = YES;
				GCC_C_LANGUAGE_STANDARD = gnu11;
				GCC_DYNAMIC_NO_PIC = NO;
				GCC_NO_COMMON_BLOCKS = YES;
				GCC_OPTIMIZATION_LEVEL = 0;
				GCC_PREPROCESSOR_DEFINITIONS = (
					"DEBUG=1",
					"$(inherited)",
				);
				GCC_WARN_64_TO_32_BIT_CONVERSION = YES;
				GCC_WARN_ABOUT_RETURN_TYPE = YES_ERROR;
				GCC_WARN_UNDECLARED_SELECTOR = YES;
				GCC_WARN_UNINITIALIZED_AUTOS = YES_AGGRESSIVE;
				GCC_WARN_UNUSED_FUNCTION = YES;
				GCC_WARN_UNUSED_VARIABLE = YES;
				IPHONEOS_DEPLOYMENT_TARGET = 13.2;
				MTL_ENABLE_DEBUG_INFO = INCLUDE_SOURCE;
				MTL_FAST_MATH = YES;
				ONLY_ACTIVE_ARCH = YES;
				SDKROOT = iphoneos;
				SWIFT_ACTIVE_COMPILATION_CONDITIONS = DEBUG;
				SWIFT_OPTIMIZATION_LEVEL = "-Onone";
			};
			name = Debug;
		};
		56DD2EB8261502750051B5AB /* Release */ = {
			isa = XCBuildConfiguration;
			buildSettings = {
				ALWAYS_SEARCH_USER_PATHS = NO;
				CLANG_ANALYZER_NONNULL = YES;
				CLANG_ANALYZER_NUMBER_OBJECT_CONVERSION = YES_AGGRESSIVE;
				CLANG_CXX_LANGUAGE_STANDARD = "gnu++14";
				CLANG_CXX_LIBRARY = "libc++";
				CLANG_ENABLE_MODULES = YES;
				CLANG_ENABLE_OBJC_ARC = YES;
				CLANG_ENABLE_OBJC_WEAK = YES;
				CLANG_WARN_BLOCK_CAPTURE_AUTORELEASING = YES;
				CLANG_WARN_BOOL_CONVERSION = YES;
				CLANG_WARN_COMMA = YES;
				CLANG_WARN_CONSTANT_CONVERSION = YES;
				CLANG_WARN_DEPRECATED_OBJC_IMPLEMENTATIONS = YES;
				CLANG_WARN_DIRECT_OBJC_ISA_USAGE = YES_ERROR;
				CLANG_WARN_DOCUMENTATION_COMMENTS = YES;
				CLANG_WARN_EMPTY_BODY = YES;
				CLANG_WARN_ENUM_CONVERSION = YES;
				CLANG_WARN_INFINITE_RECURSION = YES;
				CLANG_WARN_INT_CONVERSION = YES;
				CLANG_WARN_NON_LITERAL_NULL_CONVERSION = YES;
				CLANG_WARN_OBJC_IMPLICIT_RETAIN_SELF = YES;
				CLANG_WARN_OBJC_LITERAL_CONVERSION = YES;
				CLANG_WARN_OBJC_ROOT_CLASS = YES_ERROR;
				CLANG_WARN_RANGE_LOOP_ANALYSIS = YES;
				CLANG_WARN_STRICT_PROTOTYPES = YES;
				CLANG_WARN_SUSPICIOUS_MOVE = YES;
				CLANG_WARN_UNGUARDED_AVAILABILITY = YES_AGGRESSIVE;
				CLANG_WARN_UNREACHABLE_CODE = YES;
				CLANG_WARN__DUPLICATE_METHOD_MATCH = YES;
				COPY_PHASE_STRIP = NO;
				DEBUG_INFORMATION_FORMAT = "dwarf-with-dsym";
				ENABLE_NS_ASSERTIONS = NO;
				ENABLE_STRICT_OBJC_MSGSEND = YES;
				GCC_C_LANGUAGE_STANDARD = gnu11;
				GCC_NO_COMMON_BLOCKS = YES;
				GCC_WARN_64_TO_32_BIT_CONVERSION = YES;
				GCC_WARN_ABOUT_RETURN_TYPE = YES_ERROR;
				GCC_WARN_UNDECLARED_SELECTOR = YES;
				GCC_WARN_UNINITIALIZED_AUTOS = YES_AGGRESSIVE;
				GCC_WARN_UNUSED_FUNCTION = YES;
				GCC_WARN_UNUSED_VARIABLE = YES;
				IPHONEOS_DEPLOYMENT_TARGET = 13.2;
				MTL_ENABLE_DEBUG_INFO = NO;
				MTL_FAST_MATH = YES;
				SDKROOT = iphoneos;
				SWIFT_COMPILATION_MODE = wholemodule;
				SWIFT_OPTIMIZATION_LEVEL = "-O";
				VALIDATE_PRODUCT = YES;
			};
			name = Release;
		};
		56DD2EBA261502750051B5AB /* Debug */ = {
			isa = XCBuildConfiguration;
			buildSettings = {
				ASSETCATALOG_COMPILER_APPICON_NAME = AppIcon;
				CODE_SIGN_STYLE = Automatic;
				DEVELOPMENT_TEAM = FHKS28FRB9;
				INFOPLIST_FILE = "Foreign-languages-Heads-Up-V2/Info.plist";
				LD_RUNPATH_SEARCH_PATHS = (
					"$(inherited)",
					"@executable_path/Frameworks",
				);
				PRODUCT_BUNDLE_IDENTIFIER = "org.d214.623176.Foreign-languages-Heads-Up-V2";
				PRODUCT_NAME = "$(TARGET_NAME)";
				SWIFT_VERSION = 5.0;
				TARGETED_DEVICE_FAMILY = "1,2";
			};
			name = Debug;
		};
		56DD2EBB261502750051B5AB /* Release */ = {
			isa = XCBuildConfiguration;
			buildSettings = {
				ASSETCATALOG_COMPILER_APPICON_NAME = AppIcon;
				CODE_SIGN_STYLE = Automatic;
				DEVELOPMENT_TEAM = FHKS28FRB9;
				INFOPLIST_FILE = "Foreign-languages-Heads-Up-V2/Info.plist";
				LD_RUNPATH_SEARCH_PATHS = (
					"$(inherited)",
					"@executable_path/Frameworks",
				);
				PRODUCT_BUNDLE_IDENTIFIER = "org.d214.623176.Foreign-languages-Heads-Up-V2";
				PRODUCT_NAME = "$(TARGET_NAME)";
				SWIFT_VERSION = 5.0;
				TARGETED_DEVICE_FAMILY = "1,2";
			};
			name = Release;
		};
/* End XCBuildConfiguration section */

/* Begin XCConfigurationList section */
		56DD2E9D261502730051B5AB /* Build configuration list for PBXProject "Foreign-languages-Heads-Up-V2" */ = {
			isa = XCConfigurationList;
			buildConfigurations = (
				56DD2EB7261502750051B5AB /* Debug */,
				56DD2EB8261502750051B5AB /* Release */,
			);
			defaultConfigurationIsVisible = 0;
			defaultConfigurationName = Release;
		};
		56DD2EB9261502750051B5AB /* Build configuration list for PBXNativeTarget "Foreign-languages-Heads-Up-V2" */ = {
			isa = XCConfigurationList;
			buildConfigurations = (
				56DD2EBA261502750051B5AB /* Debug */,
				56DD2EBB261502750051B5AB /* Release */,
			);
			defaultConfigurationIsVisible = 0;
			defaultConfigurationName = Release;
		};
/* End XCConfigurationList section */

/* Begin XCVersionGroup section */
		56DD2EAE261502730051B5AB /* Foreign_languages_Heads_Up_V2.xcdatamodeld */ = {
			isa = XCVersionGroup;
			children = (
				56DD2EAF261502730051B5AB /* Foreign_languages_Heads_Up_V2.xcdatamodel */,
			);
			currentVersion = 56DD2EAF261502730051B5AB /* Foreign_languages_Heads_Up_V2.xcdatamodel */;
			path = Foreign_languages_Heads_Up_V2.xcdatamodeld;
			sourceTree = "<group>";
			versionGroupType = wrapper.xcdatamodel;
		};
/* End XCVersionGroup section */
	};
	rootObject = 56DD2E9A261502730051B5AB /* Project object */;
}
